// !$*UTF8*$!
{
	archiveVersion = 1;
	classes = {
	};
	objectVersion = 55;
	objects = {

/* Begin PBXBuildFile section */
		33AB227A298D7A540001CEF3 /* AppDelegate.swift in Sources */ = {isa = PBXBuildFile; fileRef = 33AB2279298D7A540001CEF3 /* AppDelegate.swift */; };
		33AB227C298D7A540001CEF3 /* SceneDelegate.swift in Sources */ = {isa = PBXBuildFile; fileRef = 33AB227B298D7A540001CEF3 /* SceneDelegate.swift */; };
		33AB227E298D7A540001CEF3 /* MainViewController.swift in Sources */ = {isa = PBXBuildFile; fileRef = 33AB227D298D7A540001CEF3 /* MainViewController.swift */; };
		33AB2284298D7A540001CEF3 /* intro_lab.xcdatamodeld in Sources */ = {isa = PBXBuildFile; fileRef = 33AB2282298D7A540001CEF3 /* intro_lab.xcdatamodeld */; };
		33AB2286298D7A560001CEF3 /* Assets.xcassets in Resources */ = {isa = PBXBuildFile; fileRef = 33AB2285298D7A560001CEF3 /* Assets.xcassets */; };
		33AB2289298D7A560001CEF3 /* LaunchScreen.storyboard in Resources */ = {isa = PBXBuildFile; fileRef = 33AB2287298D7A560001CEF3 /* LaunchScreen.storyboard */; };
		33AB2292298E4D030001CEF3 /* NewsManager.swift in Sources */ = {isa = PBXBuildFile; fileRef = 33AB2291298E4D030001CEF3 /* NewsManager.swift */; };
		33AB2294298E4E230001CEF3 /* NewsData.swift in Sources */ = {isa = PBXBuildFile; fileRef = 33AB2293298E4E230001CEF3 /* NewsData.swift */; };
		33AB22A3298E83120001CEF3 /* MainViewCell.swift in Sources */ = {isa = PBXBuildFile; fileRef = 33AB22A1298E83120001CEF3 /* MainViewCell.swift */; };
		33AB22A4298E83120001CEF3 /* MainViewCell.xib in Resources */ = {isa = PBXBuildFile; fileRef = 33AB22A2298E83120001CEF3 /* MainViewCell.xib */; };
		33AB22A7298ED4240001CEF3 /* MainPageStore.swift in Sources */ = {isa = PBXBuildFile; fileRef = 33AB22A6298ED4240001CEF3 /* MainPageStore.swift */; };
		33AB22A9298EE1BF0001CEF3 /* NewsViewController.swift in Sources */ = {isa = PBXBuildFile; fileRef = 33AB22A8298EE1BF0001CEF3 /* NewsViewController.swift */; };
		33AB22AC298EE7EC0001CEF3 /* NewsViewCell.swift in Sources */ = {isa = PBXBuildFile; fileRef = 33AB22AA298EE7EC0001CEF3 /* NewsViewCell.swift */; };
		33AB22AD298EE7EC0001CEF3 /* NewsViewCell.xib in Resources */ = {isa = PBXBuildFile; fileRef = 33AB22AB298EE7EC0001CEF3 /* NewsViewCell.xib */; };
		33B95922298FA7A0002468A7 /* WebKitViewController.swift in Sources */ = {isa = PBXBuildFile; fileRef = 33B95921298FA7A0002468A7 /* WebKitViewController.swift */; };
/* End PBXBuildFile section */

/* Begin PBXFileReference section */
		33AB2276298D7A540001CEF3 /* intro-lab.app */ = {isa = PBXFileReference; explicitFileType = wrapper.application; includeInIndex = 0; path = "intro-lab.app"; sourceTree = BUILT_PRODUCTS_DIR; };
		33AB2279298D7A540001CEF3 /* AppDelegate.swift */ = {isa = PBXFileReference; lastKnownFileType = sourcecode.swift; path = AppDelegate.swift; sourceTree = "<group>"; };
		33AB227B298D7A540001CEF3 /* SceneDelegate.swift */ = {isa = PBXFileReference; lastKnownFileType = sourcecode.swift; path = SceneDelegate.swift; sourceTree = "<group>"; };
		33AB227D298D7A540001CEF3 /* MainViewController.swift */ = {isa = PBXFileReference; lastKnownFileType = sourcecode.swift; path = MainViewController.swift; sourceTree = "<group>"; };
		33AB2283298D7A540001CEF3 /* intro_lab.xcdatamodel */ = {isa = PBXFileReference; lastKnownFileType = wrapper.xcdatamodel; path = intro_lab.xcdatamodel; sourceTree = "<group>"; };
		33AB2285298D7A560001CEF3 /* Assets.xcassets */ = {isa = PBXFileReference; lastKnownFileType = folder.assetcatalog; path = Assets.xcassets; sourceTree = "<group>"; };
		33AB2288298D7A560001CEF3 /* Base */ = {isa = PBXFileReference; lastKnownFileType = file.storyboard; name = Base; path = Base.lproj/LaunchScreen.storyboard; sourceTree = "<group>"; };
		33AB228A298D7A560001CEF3 /* Info.plist */ = {isa = PBXFileReference; lastKnownFileType = text.plist.xml; path = Info.plist; sourceTree = "<group>"; };
		33AB2291298E4D030001CEF3 /* NewsManager.swift */ = {isa = PBXFileReference; lastKnownFileType = sourcecode.swift; path = NewsManager.swift; sourceTree = "<group>"; };
		33AB2293298E4E230001CEF3 /* NewsData.swift */ = {isa = PBXFileReference; lastKnownFileType = sourcecode.swift; path = NewsData.swift; sourceTree = "<group>"; };
		33AB22A1298E83120001CEF3 /* MainViewCell.swift */ = {isa = PBXFileReference; lastKnownFileType = sourcecode.swift; path = MainViewCell.swift; sourceTree = "<group>"; };
		33AB22A2298E83120001CEF3 /* MainViewCell.xib */ = {isa = PBXFileReference; lastKnownFileType = file.xib; path = MainViewCell.xib; sourceTree = "<group>"; };
		33AB22A6298ED4240001CEF3 /* MainPageStore.swift */ = {isa = PBXFileReference; lastKnownFileType = sourcecode.swift; path = MainPageStore.swift; sourceTree = "<group>"; };
		33AB22A8298EE1BF0001CEF3 /* NewsViewController.swift */ = {isa = PBXFileReference; lastKnownFileType = sourcecode.swift; path = NewsViewController.swift; sourceTree = "<group>"; };
		33AB22AA298EE7EC0001CEF3 /* NewsViewCell.swift */ = {isa = PBXFileReference; lastKnownFileType = sourcecode.swift; path = NewsViewCell.swift; sourceTree = "<group>"; };
		33AB22AB298EE7EC0001CEF3 /* NewsViewCell.xib */ = {isa = PBXFileReference; lastKnownFileType = file.xib; path = NewsViewCell.xib; sourceTree = "<group>"; };
		33B95921298FA7A0002468A7 /* WebKitViewController.swift */ = {isa = PBXFileReference; lastKnownFileType = sourcecode.swift; path = WebKitViewController.swift; sourceTree = "<group>"; };
/* End PBXFileReference section */

/* Begin PBXFrameworksBuildPhase section */
		33AB2273298D7A540001CEF3 /* Frameworks */ = {
			isa = PBXFrameworksBuildPhase;
			buildActionMask = 2147483647;
			files = (
			);
			runOnlyForDeploymentPostprocessing = 0;
		};
/* End PBXFrameworksBuildPhase section */

/* Begin PBXGroup section */
		33AB226D298D7A540001CEF3 = {
			isa = PBXGroup;
			children = (
				33AB2278298D7A540001CEF3 /* intro-lab */,
				33AB2277298D7A540001CEF3 /* Products */,
			);
			sourceTree = "<group>";
		};
		33AB2277298D7A540001CEF3 /* Products */ = {
			isa = PBXGroup;
			children = (
				33AB2276298D7A540001CEF3 /* intro-lab.app */,
			);
			name = Products;
			sourceTree = "<group>";
		};
		33AB2278298D7A540001CEF3 /* intro-lab */ = {
			isa = PBXGroup;
			children = (
				33AB2279298D7A540001CEF3 /* AppDelegate.swift */,
				33AB227B298D7A540001CEF3 /* SceneDelegate.swift */,
				33AB22A5298ED4030001CEF3 /* Store */,
				33AB2290298E4C1E0001CEF3 /* Models */,
				33AB229A298E735E0001CEF3 /* Views */,
				33AB2297298E4FFA0001CEF3 /* Controllers */,
				33AB2285298D7A560001CEF3 /* Assets.xcassets */,
				33AB2287298D7A560001CEF3 /* LaunchScreen.storyboard */,
				33AB228A298D7A560001CEF3 /* Info.plist */,
				33AB2282298D7A540001CEF3 /* intro_lab.xcdatamodeld */,
			);
			path = "intro-lab";
			sourceTree = "<group>";
		};
		33AB2290298E4C1E0001CEF3 /* Models */ = {
			isa = PBXGroup;
			children = (
				33AB2293298E4E230001CEF3 /* NewsData.swift */,
				33AB2291298E4D030001CEF3 /* NewsManager.swift */,
			);
			path = Models;
			sourceTree = "<group>";
		};
		33AB2297298E4FFA0001CEF3 /* Controllers */ = {
			isa = PBXGroup;
			children = (
				33AB227D298D7A540001CEF3 /* MainViewController.swift */,
				33AB22A8298EE1BF0001CEF3 /* NewsViewController.swift */,
				33B95921298FA7A0002468A7 /* WebKitViewController.swift */,
			);
			path = Controllers;
			sourceTree = "<group>";
		};
		33AB229A298E735E0001CEF3 /* Views */ = {
			isa = PBXGroup;
			children = (
				33AB22A1298E83120001CEF3 /* MainViewCell.swift */,
				33AB22A2298E83120001CEF3 /* MainViewCell.xib */,
				33AB22AA298EE7EC0001CEF3 /* NewsViewCell.swift */,
				33AB22AB298EE7EC0001CEF3 /* NewsViewCell.xib */,
			);
			path = Views;
			sourceTree = "<group>";
		};
		33AB22A5298ED4030001CEF3 /* Store */ = {
			isa = PBXGroup;
			children = (
				33AB22A6298ED4240001CEF3 /* MainPageStore.swift */,
			);
			path = Store;
			sourceTree = "<group>";
		};
/* End PBXGroup section */

/* Begin PBXNativeTarget section */
		33AB2275298D7A540001CEF3 /* intro-lab */ = {
			isa = PBXNativeTarget;
			buildConfigurationList = 33AB228D298D7A560001CEF3 /* Build configuration list for PBXNativeTarget "intro-lab" */;
			buildPhases = (
				33AB2272298D7A540001CEF3 /* Sources */,
				33AB2273298D7A540001CEF3 /* Frameworks */,
				33AB2274298D7A540001CEF3 /* Resources */,
			);
			buildRules = (
			);
			dependencies = (
			);
			name = "intro-lab";
			productName = "intro-lab";
			productReference = 33AB2276298D7A540001CEF3 /* intro-lab.app */;
			productType = "com.apple.product-type.application";
		};
/* End PBXNativeTarget section */

/* Begin PBXProject section */
		33AB226E298D7A540001CEF3 /* Project object */ = {
			isa = PBXProject;
			attributes = {
				BuildIndependentTargetsInParallel = 1;
				LastSwiftUpdateCheck = 1420;
				LastUpgradeCheck = 1420;
				TargetAttributes = {
					33AB2275298D7A540001CEF3 = {
						CreatedOnToolsVersion = 14.2;
					};
				};
			};
			buildConfigurationList = 33AB2271298D7A540001CEF3 /* Build configuration list for PBXProject "intro-lab" */;
			compatibilityVersion = "Xcode 13.0";
			developmentRegion = en;
			hasScannedForEncodings = 0;
			knownRegions = (
				en,
				Base,
			);
			mainGroup = 33AB226D298D7A540001CEF3;
			productRefGroup = 33AB2277298D7A540001CEF3 /* Products */;
			projectDirPath = "";
			projectRoot = "";
			targets = (
				33AB2275298D7A540001CEF3 /* intro-lab */,
			);
		};
/* End PBXProject section */

/* Begin PBXResourcesBuildPhase section */
		33AB2274298D7A540001CEF3 /* Resources */ = {
			isa = PBXResourcesBuildPhase;
			buildActionMask = 2147483647;
			files = (
				33AB2289298D7A560001CEF3 /* LaunchScreen.storyboard in Resources */,
				33AB22AD298EE7EC0001CEF3 /* NewsViewCell.xib in Resources */,
				33AB2286298D7A560001CEF3 /* Assets.xcassets in Resources */,
				33AB22A4298E83120001CEF3 /* MainViewCell.xib in Resources */,
			);
			runOnlyForDeploymentPostprocessing = 0;
		};
/* End PBXResourcesBuildPhase section */

/* Begin PBXSourcesBuildPhase section */
		33AB2272298D7A540001CEF3 /* Sources */ = {
			isa = PBXSourcesBuildPhase;
			buildActionMask = 2147483647;
			files = (
				33AB2284298D7A540001CEF3 /* intro_lab.xcdatamodeld in Sources */,
				33AB227E298D7A540001CEF3 /* MainViewController.swift in Sources */,
				33AB2294298E4E230001CEF3 /* NewsData.swift in Sources */,
				33AB22A3298E83120001CEF3 /* MainViewCell.swift in Sources */,
				33AB2292298E4D030001CEF3 /* NewsManager.swift in Sources */,
				33B95922298FA7A0002468A7 /* WebKitViewController.swift in Sources */,
				33AB227A298D7A540001CEF3 /* AppDelegate.swift in Sources */,
				33AB22A9298EE1BF0001CEF3 /* NewsViewController.swift in Sources */,
				33AB22AC298EE7EC0001CEF3 /* NewsViewCell.swift in Sources */,
				33AB22A7298ED4240001CEF3 /* MainPageStore.swift in Sources */,
				33AB227C298D7A540001CEF3 /* SceneDelegate.swift in Sources */,
			);
			runOnlyForDeploymentPostprocessing = 0;
		};
/* End PBXSourcesBuildPhase section */

/* Begin PBXVariantGroup section */
		33AB2287298D7A560001CEF3 /* LaunchScreen.storyboard */ = {
			isa = PBXVariantGroup;
			children = (
				33AB2288298D7A560001CEF3 /* Base */,
			);
			name = LaunchScreen.storyboard;
			sourceTree = "<group>";
		};
/* End PBXVariantGroup section */

/* Begin XCBuildConfiguration section */
		33AB228B298D7A560001CEF3 /* Debug */ = {
			isa = XCBuildConfiguration;
			buildSettings = {
				ALWAYS_SEARCH_USER_PATHS = NO;
				CLANG_ANALYZER_NONNULL = YES;
				CLANG_ANALYZER_NUMBER_OBJECT_CONVERSION = YES_AGGRESSIVE;
				CLANG_CXX_LANGUAGE_STANDARD = "gnu++20";
				CLANG_ENABLE_MODULES = YES;
				CLANG_ENABLE_OBJC_ARC = YES;
				CLANG_ENABLE_OBJC_WEAK = YES;
				CLANG_WARN_BLOCK_CAPTURE_AUTORELEASING = YES;
				CLANG_WARN_BOOL_CONVERSION = YES;
				CLANG_WARN_COMMA = YES;
				CLANG_WARN_CONSTANT_CONVERSION = YES;
				CLANG_WARN_DEPRECATED_OBJC_IMPLEMENTATIONS = YES;
				CLANG_WARN_DIRECT_OBJC_ISA_USAGE = YES_ERROR;
				CLANG_WARN_DOCUMENTATION_COMMENTS = YES;
				CLANG_WARN_EMPTY_BODY = YES;
				CLANG_WARN_ENUM_CONVERSION = YES;
				CLANG_WARN_INFINITE_RECURSION = YES;
				CLANG_WARN_INT_CONVERSION = YES;
				CLANG_WARN_NON_LITERAL_NULL_CONVERSION = YES;
				CLANG_WARN_OBJC_IMPLICIT_RETAIN_SELF = YES;
				CLANG_WARN_OBJC_LITERAL_CONVERSION = YES;
				CLANG_WARN_OBJC_ROOT_CLASS = YES_ERROR;
				CLANG_WARN_QUOTED_INCLUDE_IN_FRAMEWORK_HEADER = YES;
				CLANG_WARN_RANGE_LOOP_ANALYSIS = YES;
				CLANG_WARN_STRICT_PROTOTYPES = YES;
				CLANG_WARN_SUSPICIOUS_MOVE = YES;
				CLANG_WARN_UNGUARDED_AVAILABILITY = YES_AGGRESSIVE;
				CLANG_WARN_UNREACHABLE_CODE = YES;
				CLANG_WARN__DUPLICATE_METHOD_MATCH = YES;
				COPY_PHASE_STRIP = NO;
				DEBUG_INFORMATION_FORMAT = dwarf;
				ENABLE_STRICT_OBJC_MSGSEND = YES;
				ENABLE_TESTABILITY = YES;
				GCC_C_LANGUAGE_STANDARD = gnu11;
				GCC_DYNAMIC_NO_PIC = NO;
				GCC_NO_COMMON_BLOCKS = YES;
				GCC_OPTIMIZATION_LEVEL = 0;
				GCC_PREPROCESSOR_DEFINITIONS = (
					"DEBUG=1",
					"$(inherited)",
				);
				GCC_WARN_64_TO_32_BIT_CONVERSION = YES;
				GCC_WARN_ABOUT_RETURN_TYPE = YES_ERROR;
				GCC_WARN_UNDECLARED_SELECTOR = YES;
				GCC_WARN_UNINITIALIZED_AUTOS = YES_AGGRESSIVE;
				GCC_WARN_UNUSED_FUNCTION = YES;
				GCC_WARN_UNUSED_VARIABLE = YES;
				IPHONEOS_DEPLOYMENT_TARGET = 16.2;
				MTL_ENABLE_DEBUG_INFO = INCLUDE_SOURCE;
				MTL_FAST_MATH = YES;
				ONLY_ACTIVE_ARCH = YES;
				SDKROOT = iphoneos;
				SWIFT_ACTIVE_COMPILATION_CONDITIONS = DEBUG;
				SWIFT_OPTIMIZATION_LEVEL = "-Onone";
			};
			name = Debug;
		};
		33AB228C298D7A560001CEF3 /* Release */ = {
			isa = XCBuildConfiguration;
			buildSettings = {
				ALWAYS_SEARCH_USER_PATHS = NO;
				CLANG_ANALYZER_NONNULL = YES;
				CLANG_ANALYZER_NUMBER_OBJECT_CONVERSION = YES_AGGRESSIVE;
				CLANG_CXX_LANGUAGE_STANDARD = "gnu++20";
				CLANG_ENABLE_MODULES = YES;
				CLANG_ENABLE_OBJC_ARC = YES;
				CLANG_ENABLE_OBJC_WEAK = YES;
				CLANG_WARN_BLOCK_CAPTURE_AUTORELEASING = YES;
				CLANG_WARN_BOOL_CONVERSION = YES;
				CLANG_WARN_COMMA = YES;
				CLANG_WARN_CONSTANT_CONVERSION = YES;
				CLANG_WARN_DEPRECATED_OBJC_IMPLEMENTATIONS = YES;
				CLANG_WARN_DIRECT_OBJC_ISA_USAGE = YES_ERROR;
				CLANG_WARN_DOCUMENTATION_COMMENTS = YES;
				CLANG_WARN_EMPTY_BODY = YES;
				CLANG_WARN_ENUM_CONVERSION = YES;
				CLANG_WARN_INFINITE_RECURSION = YES;
				CLANG_WARN_INT_CONVERSION = YES;
				CLANG_WARN_NON_LITERAL_NULL_CONVERSION = YES;
				CLANG_WARN_OBJC_IMPLICIT_RETAIN_SELF = YES;
				CLANG_WARN_OBJC_LITERAL_CONVERSION = YES;
				CLANG_WARN_OBJC_ROOT_CLASS = YES_ERROR;
				CLANG_WARN_QUOTED_INCLUDE_IN_FRAMEWORK_HEADER = YES;
				CLANG_WARN_RANGE_LOOP_ANALYSIS = YES;
				CLANG_WARN_STRICT_PROTOTYPES = YES;
				CLANG_WARN_SUSPICIOUS_MOVE = YES;
				CLANG_WARN_UNGUARDED_AVAILABILITY = YES_AGGRESSIVE;
				CLANG_WARN_UNREACHABLE_CODE = YES;
				CLANG_WARN__DUPLICATE_METHOD_MATCH = YES;
				COPY_PHASE_STRIP = NO;
				DEBUG_INFORMATION_FORMAT = "dwarf-with-dsym";
				ENABLE_NS_ASSERTIONS = NO;
				ENABLE_STRICT_OBJC_MSGSEND = YES;
				GCC_C_LANGUAGE_STANDARD = gnu11;
				GCC_NO_COMMON_BLOCKS = YES;
				GCC_WARN_64_TO_32_BIT_CONVERSION = YES;
				GCC_WARN_ABOUT_RETURN_TYPE = YES_ERROR;
				GCC_WARN_UNDECLARED_SELECTOR = YES;
				GCC_WARN_UNINITIALIZED_AUTOS = YES_AGGRESSIVE;
				GCC_WARN_UNUSED_FUNCTION = YES;
				GCC_WARN_UNUSED_VARIABLE = YES;
				IPHONEOS_DEPLOYMENT_TARGET = 16.2;
				MTL_ENABLE_DEBUG_INFO = NO;
				MTL_FAST_MATH = YES;
				SDKROOT = iphoneos;
				SWIFT_COMPILATION_MODE = wholemodule;
				SWIFT_OPTIMIZATION_LEVEL = "-O";
				VALIDATE_PRODUCT = YES;
			};
			name = Release;
		};
		33AB228E298D7A560001CEF3 /* Debug */ = {
			isa = XCBuildConfiguration;
			buildSettings = {
				ASSETCATALOG_COMPILER_APPICON_NAME = AppIcon;
				ASSETCATALOG_COMPILER_GLOBAL_ACCENT_COLOR_NAME = AccentColor;
				CODE_SIGN_STYLE = Automatic;
				CURRENT_PROJECT_VERSION = 1;
				DEVELOPMENT_TEAM = 92698MMMCG;
				GENERATE_INFOPLIST_FILE = YES;
				INFOPLIST_FILE = "intro-lab/Info.plist";
				INFOPLIST_KEY_UIApplicationSupportsIndirectInputEvents = YES;
				INFOPLIST_KEY_UILaunchStoryboardName = LaunchScreen;
				INFOPLIST_KEY_UISupportedInterfaceOrientations = UIInterfaceOrientationPortrait;
				IPHONEOS_DEPLOYMENT_TARGET = 14.0;
				LD_RUNPATH_SEARCH_PATHS = (
					"$(inherited)",
					"@executable_path/Frameworks",
				);
				MARKETING_VERSION = 1.0;
				PRODUCT_BUNDLE_IDENTIFIER = "com.DiasMurzagaliyev.intro-lab";
				PRODUCT_NAME = "$(TARGET_NAME)";
				SWIFT_EMIT_LOC_STRINGS = YES;
				SWIFT_VERSION = 5.0;
				TARGETED_DEVICE_FAMILY = "1,2";
			};
			name = Debug;
		};
		33AB228F298D7A560001CEF3 /* Release */ = {
			isa = XCBuildConfiguration;
			buildSettings = {
				ASSETCATALOG_COMPILER_APPICON_NAME = AppIcon;
				ASSETCATALOG_COMPILER_GLOBAL_ACCENT_COLOR_NAME = AccentColor;
				CODE_SIGN_STYLE = Automatic;
				CURRENT_PROJECT_VERSION = 1;
				DEVELOPMENT_TEAM = 92698MMMCG;
				GENERATE_INFOPLIST_FILE = YES;
				INFOPLIST_FILE = "intro-lab/Info.plist";
				INFOPLIST_KEY_UIApplicationSupportsIndirectInputEvents = YES;
				INFOPLIST_KEY_UILaunchStoryboardName = LaunchScreen;
				INFOPLIST_KEY_UISupportedInterfaceOrientations = UIInterfaceOrientationPortrait;
				IPHONEOS_DEPLOYMENT_TARGET = 14.0;
				LD_RUNPATH_SEARCH_PATHS = (
					"$(inherited)",
					"@executable_path/Frameworks",
				);
				MARKETING_VERSION = 1.0;
				PRODUCT_BUNDLE_IDENTIFIER = "com.DiasMurzagaliyev.intro-lab";
				PRODUCT_NAME = "$(TARGET_NAME)";
				SWIFT_EMIT_LOC_STRINGS = YES;
				SWIFT_VERSION = 5.0;
				TARGETED_DEVICE_FAMILY = "1,2";
			};
			name = Release;
		};
/* End XCBuildConfiguration section */

/* Begin XCConfigurationList section */
		33AB2271298D7A540001CEF3 /* Build configuration list for PBXProject "intro-lab" */ = {
			isa = XCConfigurationList;
			buildConfigurations = (
				33AB228B298D7A560001CEF3 /* Debug */,
				33AB228C298D7A560001CEF3 /* Release */,
			);
			defaultConfigurationIsVisible = 0;
			defaultConfigurationName = Release;
		};
		33AB228D298D7A560001CEF3 /* Build configuration list for PBXNativeTarget "intro-lab" */ = {
			isa = XCConfigurationList;
			buildConfigurations = (
				33AB228E298D7A560001CEF3 /* Debug */,
				33AB228F298D7A560001CEF3 /* Release */,
			);
			defaultConfigurationIsVisible = 0;
			defaultConfigurationName = Release;
		};
/* End XCConfigurationList section */

/* Begin XCVersionGroup section */
		33AB2282298D7A540001CEF3 /* intro_lab.xcdatamodeld */ = {
			isa = XCVersionGroup;
			children = (
				33AB2283298D7A540001CEF3 /* intro_lab.xcdatamodel */,
			);
			currentVersion = 33AB2283298D7A540001CEF3 /* intro_lab.xcdatamodel */;
			path = intro_lab.xcdatamodeld;
			sourceTree = "<group>";
			versionGroupType = wrapper.xcdatamodel;
		};
/* End XCVersionGroup section */
	};
	rootObject = 33AB226E298D7A540001CEF3 /* Project object */;
}
